
Microsoft Visual Studio Solution File, Format Version 12.00
# Visual Studio 2012
Project("{FAE04EC0-301F-11D3-BF4B-00C04F79EFBC}") = "MakingConnectionsOnASwitch.2012", "MakingConnectionsOnASwitch.2012.csproj", "{4E23D2EE-43A7-4132-9BB6-131B8D9924BC}"
EndProject
Global
	GlobalSection(SolutionConfigurationPlatforms) = preSolution
		Debug|Any CPU = Debug|Any CPU
		Release|Any CPU = Release|Any CPU
	EndGlobalSection
	GlobalSection(ProjectConfigurationPlatforms) = postSolution
		{4E23D2EE-43A7-4132-9BB6-131B8D9924BC}.Debug|Any CPU.ActiveCfg = Debug|Any CPU
		{4E23D2EE-43A7-4132-9BB6-131B8D9924BC}.Debug|Any CPU.Build.0 = Debug|Any CPU
		{4E23D2EE-43A7-4132-9BB6-131B8D9924BC}.Release|Any CPU.ActiveCfg = Release|Any CPU
		{4E23D2EE-43A7-4132-9BB6-131B8D9924BC}.Release|Any CPU.Build.0 = Release|Any CPU
	EndGlobalSection
	GlobalSection(SolutionProperties) = preSolution
		HideSolutionNode = FALSE
	EndGlobalSection
EndGlobal
